
Microsoft Visual Studio Solution File, Format Version 12.00
# Visual Studio Version 16
VisualStudioVersion = 16.0.30002.166
MinimumVisualStudioVersion = 10.0.40219.1
Project("{FAE04EC0-301F-11D3-BF4B-00C04F79EFBC}") = "DevIO.UI.Site", "DevIO.UI.Site\DevIO.UI.Site.csproj", "{F13CD0E4-52B2-4C16-85E0-234C67D27A10}"
EndProject
Global
	GlobalSection(SolutionConfigurationPlatforms) = preSolution
		Debug|Any CPU = Debug|Any CPU
		Release|Any CPU = Release|Any CPU
	EndGlobalSection
	GlobalSection(ProjectConfigurationPlatforms) = postSolution
		{F13CD0E4-52B2-4C16-85E0-234C67D27A10}.Debug|Any CPU.ActiveCfg = Debug|Any CPU
		{F13CD0E4-52B2-4C16-85E0-234C67D27A10}.Debug|Any CPU.Build.0 = Debug|Any CPU
		{F13CD0E4-52B2-4C16-85E0-234C67D27A10}.Release|Any CPU.ActiveCfg = Release|Any CPU
		{F13CD0E4-52B2-4C16-85E0-234C67D27A10}.Release|Any CPU.Build.0 = Release|Any CPU
	EndGlobalSection
	GlobalSection(SolutionProperties) = preSolution
		HideSolutionNode = FALSE
	EndGlobalSection
	GlobalSection(ExtensibilityGlobals) = postSolution
		SolutionGuid = {3C69E869-4690-41AB-B9FE-02EC20CF6A81}
	EndGlobalSection
EndGlobal
